
Microsoft Visual Studio Solution File, Format Version 12.00
# Visual Studio Version 17
VisualStudioVersion = 17.14.36327.8 d17.14
MinimumVisualStudioVersion = 10.0.40219.1
Project("{FAE04EC0-301F-11D3-BF4B-00C04F79EFBC}") = "InvitationCard", "InvitationCard.csproj", "{457245D6-7C58-46C4-94F1-DCCE24A2F991}"
EndProject
Global
	GlobalSection(SolutionConfigurationPlatforms) = preSolution
		Debug|Any CPU = Debug|Any CPU
		Release|Any CPU = Release|Any CPU
	EndGlobalSection
	GlobalSection(ProjectConfigurationPlatforms) = postSolution
		{457245D6-7C58-46C4-94F1-DCCE24A2F991}.Debug|Any CPU.ActiveCfg = Debug|Any CPU
		{457245D6-7C58-46C4-94F1-DCCE24A2F991}.Debug|Any CPU.Build.0 = Debug|Any CPU
		{457245D6-7C58-46C4-94F1-DCCE24A2F991}.Release|Any CPU.ActiveCfg = Release|Any CPU
		{457245D6-7C58-46C4-94F1-DCCE24A2F991}.Release|Any CPU.Build.0 = Release|Any CPU
	EndGlobalSection
	GlobalSection(SolutionProperties) = preSolution
		HideSolutionNode = FALSE
	EndGlobalSection
	GlobalSection(ExtensibilityGlobals) = postSolution
		SolutionGuid = {95FBC016-7F3C-43A0-B092-1514D8DA93D8}
	EndGlobalSection
EndGlobal
